
Microsoft Visual Studio Solution File, Format Version 12.00
# Visual Studio Version 17
VisualStudioVersion = 17.10.34916.146
MinimumVisualStudioVersion = 10.0.40219.1
Project("{9A19103F-16F7-4668-BE54-9A1E7A4F7556}") = "Лаб2", "ConsoleApp20\Лаб2.csproj", "{0E88360C-2995-4796-B2E4-0D3764A789C9}"
EndProject
Project("{9A19103F-16F7-4668-BE54-9A1E7A4F7556}") = "Лаб3", "Лаб3\Лаб3.csproj", "{1AB75439-9575-4E2C-B265-4E681A45BCFC}"
EndProject
Project("{9A19103F-16F7-4668-BE54-9A1E7A4F7556}") = "Лаб3_2", "Лаб3_2\Лаб3_2.csproj", "{823A392A-5CA1-4326-92FB-705476523078}"
EndProject
Project("{9A19103F-16F7-4668-BE54-9A1E7A4F7556}") = "Лаб4", "Лаб4\Лаб4.csproj", "{B56FC41C-894B-4CCD-8E90-21133F27054D}"
EndProject
Project("{9A19103F-16F7-4668-BE54-9A1E7A4F7556}") = "Лаб5", "Лаб5\Лаб5.csproj", "{61F4B703-D262-40FB-AFAE-26995A0F404D}"
EndProject
Project("{9A19103F-16F7-4668-BE54-9A1E7A4F7556}") = "Лаб6_2", "Лаб6\Лаб6_2.csproj", "{67F79701-C8DD-409E-90A9-B056C6BFE4A0}"
EndProject
Project("{FAE04EC0-301F-11D3-BF4B-00C04F79EFBC}") = "Лаб6_1", "Лаб6_1\Лаб6_1.csproj", "{528A9F78-EA31-48F4-99FA-8FF3F05AB32B}"
EndProject
Project("{FAE04EC0-301F-11D3-BF4B-00C04F79EFBC}") = "Лаб6_3", "Лаб6_3\Лаб6_3.csproj", "{2FB30A5C-FD8B-446A-BEC6-CA23EC0FC4AC}"
EndProject
Project("{FAE04EC0-301F-11D3-BF4B-00C04F79EFBC}") = "Лаб6_4", "Лаб6_4\Лаб6_4.csproj", "{DBB38FC6-7E45-41FC-93BE-AC5366D2289C}"
EndProject
Project("{FAE04EC0-301F-11D3-BF4B-00C04F79EFBC}") = "Лаб6_5", "Лаб6_5\Лаб6_5.csproj", "{AB0CFB50-9DB3-45DB-8C93-10E249F16014}"
EndProject
Project("{FAE04EC0-301F-11D3-BF4B-00C04F79EFBC}") = "Лаб6_6", "Лаб6_6\Лаб6_6.csproj", "{CD32F3A2-A5FB-4691-996F-0393C59B1043}"
EndProject
Project("{FAE04EC0-301F-11D3-BF4B-00C04F79EFBC}") = "Лаб6_7", "Лаб6_7\Лаб6_7.csproj", "{722F9D90-9B6D-49D2-8D89-64DAEEF2C37B}"
EndProject
Project("{FAE04EC0-301F-11D3-BF4B-00C04F79EFBC}") = "Лаб6_8", "Лаб6_8\Лаб6_8.csproj", "{9A2D0D05-F1D6-46D3-919C-1B38D0B7648F}"
EndProject
Project("{FAE04EC0-301F-11D3-BF4B-00C04F79EFBC}") = "Лаб6_9", "Лаб6_9\Лаб6_9.csproj", "{FA1B2E9C-508A-469B-845B-048AF7E8ED38}"
EndProject
Project("{FAE04EC0-301F-11D3-BF4B-00C04F79EFBC}") = "Лаб6_10", "Лаб6_10\Лаб6_10.csproj", "{4EADB869-D5F5-464D-9919-4CF02287A164}"
EndProject
Project("{2150E333-8FDC-42A3-9474-1A3956D46DE8}") = "Лаб6", "Лаб6", "{21502BAA-C0B4-4219-8615-4267323F092B}"
EndProject
Global
	GlobalSection(SolutionConfigurationPlatforms) = preSolution
		Debug|Any CPU = Debug|Any CPU
		Release|Any CPU = Release|Any CPU
	EndGlobalSection
	GlobalSection(ProjectConfigurationPlatforms) = postSolution
		{0E88360C-2995-4796-B2E4-0D3764A789C9}.Debug|Any CPU.ActiveCfg = Debug|Any CPU
		{0E88360C-2995-4796-B2E4-0D3764A789C9}.Debug|Any CPU.Build.0 = Debug|Any CPU
		{0E88360C-2995-4796-B2E4-0D3764A789C9}.Release|Any CPU.ActiveCfg = Release|Any CPU
		{0E88360C-2995-4796-B2E4-0D3764A789C9}.Release|Any CPU.Build.0 = Release|Any CPU
		{1AB75439-9575-4E2C-B265-4E681A45BCFC}.Debug|Any CPU.ActiveCfg = Debug|Any CPU
		{1AB75439-9575-4E2C-B265-4E681A45BCFC}.Debug|Any CPU.Build.0 = Debug|Any CPU
		{1AB75439-9575-4E2C-B265-4E681A45BCFC}.Release|Any CPU.ActiveCfg = Release|Any CPU
		{1AB75439-9575-4E2C-B265-4E681A45BCFC}.Release|Any CPU.Build.0 = Release|Any CPU
		{823A392A-5CA1-4326-92FB-705476523078}.Debug|Any CPU.ActiveCfg = Debug|Any CPU
		{823A392A-5CA1-4326-92FB-705476523078}.Debug|Any CPU.Build.0 = Debug|Any CPU
		{823A392A-5CA1-4326-92FB-705476523078}.Release|Any CPU.ActiveCfg = Release|Any CPU
		{823A392A-5CA1-4326-92FB-705476523078}.Release|Any CPU.Build.0 = Release|Any CPU
		{B56FC41C-894B-4CCD-8E90-21133F27054D}.Debug|Any CPU.ActiveCfg = Debug|Any CPU
		{B56FC41C-894B-4CCD-8E90-21133F27054D}.Debug|Any CPU.Build.0 = Debug|Any CPU
		{B56FC41C-894B-4CCD-8E90-21133F27054D}.Release|Any CPU.ActiveCfg = Release|Any CPU
		{B56FC41C-894B-4CCD-8E90-21133F27054D}.Release|Any CPU.Build.0 = Release|Any CPU
		{61F4B703-D262-40FB-AFAE-26995A0F404D}.Debug|Any CPU.ActiveCfg = Debug|Any CPU
		{61F4B703-D262-40FB-AFAE-26995A0F404D}.Debug|Any CPU.Build.0 = Debug|Any CPU
		{61F4B703-D262-40FB-AFAE-26995A0F404D}.Release|Any CPU.ActiveCfg = Release|Any CPU
		{61F4B703-D262-40FB-AFAE-26995A0F404D}.Release|Any CPU.Build.0 = Release|Any CPU
		{67F79701-C8DD-409E-90A9-B056C6BFE4A0}.Debug|Any CPU.ActiveCfg = Debug|Any CPU
		{67F79701-C8DD-409E-90A9-B056C6BFE4A0}.Debug|Any CPU.Build.0 = Debug|Any CPU
		{67F79701-C8DD-409E-90A9-B056C6BFE4A0}.Release|Any CPU.ActiveCfg = Release|Any CPU
		{67F79701-C8DD-409E-90A9-B056C6BFE4A0}.Release|Any CPU.Build.0 = Release|Any CPU
		{528A9F78-EA31-48F4-99FA-8FF3F05AB32B}.Debug|Any CPU.ActiveCfg = Debug|Any CPU
		{528A9F78-EA31-48F4-99FA-8FF3F05AB32B}.Debug|Any CPU.Build.0 = Debug|Any CPU
		{528A9F78-EA31-48F4-99FA-8FF3F05AB32B}.Release|Any CPU.ActiveCfg = Release|Any CPU
		{528A9F78-EA31-48F4-99FA-8FF3F05AB32B}.Release|Any CPU.Build.0 = Release|Any CPU
		{2FB30A5C-FD8B-446A-BEC6-CA23EC0FC4AC}.Debug|Any CPU.ActiveCfg = Debug|Any CPU
		{2FB30A5C-FD8B-446A-BEC6-CA23EC0FC4AC}.Debug|Any CPU.Build.0 = Debug|Any CPU
		{2FB30A5C-FD8B-446A-BEC6-CA23EC0FC4AC}.Release|Any CPU.ActiveCfg = Release|Any CPU
		{2FB30A5C-FD8B-446A-BEC6-CA23EC0FC4AC}.Release|Any CPU.Build.0 = Release|Any CPU
		{DBB38FC6-7E45-41FC-93BE-AC5366D2289C}.Debug|Any CPU.ActiveCfg = Debug|Any CPU
		{DBB38FC6-7E45-41FC-93BE-AC5366D2289C}.Debug|Any CPU.Build.0 = Debug|Any CPU
		{DBB38FC6-7E45-41FC-93BE-AC5366D2289C}.Release|Any CPU.ActiveCfg = Release|Any CPU
		{DBB38FC6-7E45-41FC-93BE-AC5366D2289C}.Release|Any CPU.Build.0 = Release|Any CPU
		{AB0CFB50-9DB3-45DB-8C93-10E249F16014}.Debug|Any CPU.ActiveCfg = Debug|Any CPU
		{AB0CFB50-9DB3-45DB-8C93-10E249F16014}.Debug|Any CPU.Build.0 = Debug|Any CPU
		{AB0CFB50-9DB3-45DB-8C93-10E249F16014}.Release|Any CPU.ActiveCfg = Release|Any CPU
		{AB0CFB50-9DB3-45DB-8C93-10E249F16014}.Release|Any CPU.Build.0 = Release|Any CPU
		{CD32F3A2-A5FB-4691-996F-0393C59B1043}.Debug|Any CPU.ActiveCfg = Debug|Any CPU
		{CD32F3A2-A5FB-4691-996F-0393C59B1043}.Debug|Any CPU.Build.0 = Debug|Any CPU
		{CD32F3A2-A5FB-4691-996F-0393C59B1043}.Release|Any CPU.ActiveCfg = Release|Any CPU
		{CD32F3A2-A5FB-4691-996F-0393C59B1043}.Release|Any CPU.Build.0 = Release|Any CPU
		{722F9D90-9B6D-49D2-8D89-64DAEEF2C37B}.Debug|Any CPU.ActiveCfg = Debug|Any CPU
		{722F9D90-9B6D-49D2-8D89-64DAEEF2C37B}.Debug|Any CPU.Build.0 = Debug|Any CPU
		{722F9D90-9B6D-49D2-8D89-64DAEEF2C37B}.Release|Any CPU.ActiveCfg = Release|Any CPU
		{722F9D90-9B6D-49D2-8D89-64DAEEF2C37B}.Release|Any CPU.Build.0 = Release|Any CPU
		{9A2D0D05-F1D6-46D3-919C-1B38D0B7648F}.Debug|Any CPU.ActiveCfg = Debug|Any CPU
		{9A2D0D05-F1D6-46D3-919C-1B38D0B7648F}.Debug|Any CPU.Build.0 = Debug|Any CPU
		{9A2D0D05-F1D6-46D3-919C-1B38D0B7648F}.Release|Any CPU.ActiveCfg = Release|Any CPU
		{9A2D0D05-F1D6-46D3-919C-1B38D0B7648F}.Release|Any CPU.Build.0 = Release|Any CPU
		{FA1B2E9C-508A-469B-845B-048AF7E8ED38}.Debug|Any CPU.ActiveCfg = Debug|Any CPU
		{FA1B2E9C-508A-469B-845B-048AF7E8ED38}.Debug|Any CPU.Build.0 = Debug|Any CPU
		{FA1B2E9C-508A-469B-845B-048AF7E8ED38}.Release|Any CPU.ActiveCfg = Release|Any CPU
		{FA1B2E9C-508A-469B-845B-048AF7E8ED38}.Release|Any CPU.Build.0 = Release|Any CPU
		{4EADB869-D5F5-464D-9919-4CF02287A164}.Debug|Any CPU.ActiveCfg = Debug|Any CPU
		{4EADB869-D5F5-464D-9919-4CF02287A164}.Debug|Any CPU.Build.0 = Debug|Any CPU
		{4EADB869-D5F5-464D-9919-4CF02287A164}.Release|Any CPU.ActiveCfg = Release|Any CPU
		{4EADB869-D5F5-464D-9919-4CF02287A164}.Release|Any CPU.Build.0 = Release|Any CPU
	EndGlobalSection
	GlobalSection(SolutionProperties) = preSolution
		HideSolutionNode = FALSE
	EndGlobalSection
	GlobalSection(NestedProjects) = preSolution
		{67F79701-C8DD-409E-90A9-B056C6BFE4A0} = {21502BAA-C0B4-4219-8615-4267323F092B}
		{528A9F78-EA31-48F4-99FA-8FF3F05AB32B} = {21502BAA-C0B4-4219-8615-4267323F092B}
		{2FB30A5C-FD8B-446A-BEC6-CA23EC0FC4AC} = {21502BAA-C0B4-4219-8615-4267323F092B}
		{DBB38FC6-7E45-41FC-93BE-AC5366D2289C} = {21502BAA-C0B4-4219-8615-4267323F092B}
		{AB0CFB50-9DB3-45DB-8C93-10E249F16014} = {21502BAA-C0B4-4219-8615-4267323F092B}
		{CD32F3A2-A5FB-4691-996F-0393C59B1043} = {21502BAA-C0B4-4219-8615-4267323F092B}
		{722F9D90-9B6D-49D2-8D89-64DAEEF2C37B} = {21502BAA-C0B4-4219-8615-4267323F092B}
		{9A2D0D05-F1D6-46D3-919C-1B38D0B7648F} = {21502BAA-C0B4-4219-8615-4267323F092B}
		{FA1B2E9C-508A-469B-845B-048AF7E8ED38} = {21502BAA-C0B4-4219-8615-4267323F092B}
		{4EADB869-D5F5-464D-9919-4CF02287A164} = {21502BAA-C0B4-4219-8615-4267323F092B}
	EndGlobalSection
	GlobalSection(ExtensibilityGlobals) = postSolution
		SolutionGuid = {88630DD9-5EF9-42CF-BEA9-C3AAA4F55910}
	EndGlobalSection
EndGlobal
