
Microsoft Visual Studio Solution File, Format Version 12.00
# Visual Studio Version 17
VisualStudioVersion = 17.10.34916.146
MinimumVisualStudioVersion = 10.0.40219.1
Project("{9A19103F-16F7-4668-BE54-9A1E7A4F7556}") = "Лаб2", "ConsoleApp20\Лаб2.csproj", "{0E88360C-2995-4796-B2E4-0D3764A789C9}"
EndProject
Project("{9A19103F-16F7-4668-BE54-9A1E7A4F7556}") = "Лаб3_1", "Лаб3\Лаб3_1.csproj", "{1AB75439-9575-4E2C-B265-4E681A45BCFC}"
EndProject
Project("{9A19103F-16F7-4668-BE54-9A1E7A4F7556}") = "Лаб3_2", "Лаб3_2\Лаб3_2.csproj", "{823A392A-5CA1-4326-92FB-705476523078}"
EndProject
Project("{9A19103F-16F7-4668-BE54-9A1E7A4F7556}") = "Лаб4", "Лаб4\Лаб4.csproj", "{B56FC41C-894B-4CCD-8E90-21133F27054D}"
EndProject
Project("{9A19103F-16F7-4668-BE54-9A1E7A4F7556}") = "Лаб5", "Лаб5\Лаб5.csproj", "{61F4B703-D262-40FB-AFAE-26995A0F404D}"
EndProject
Project("{9A19103F-16F7-4668-BE54-9A1E7A4F7556}") = "Лаб6_2", "Лаб6\Лаб6_2.csproj", "{67F79701-C8DD-409E-90A9-B056C6BFE4A0}"
EndProject
Project("{9A19103F-16F7-4668-BE54-9A1E7A4F7556}") = "Лаб6_1", "Лаб6_1\Лаб6_1.csproj", "{528A9F78-EA31-48F4-99FA-8FF3F05AB32B}"
EndProject
Project("{9A19103F-16F7-4668-BE54-9A1E7A4F7556}") = "Лаб6_3", "Лаб6_3\Лаб6_3.csproj", "{2FB30A5C-FD8B-446A-BEC6-CA23EC0FC4AC}"
EndProject
Project("{9A19103F-16F7-4668-BE54-9A1E7A4F7556}") = "Лаб6_4", "Лаб6_4\Лаб6_4.csproj", "{DBB38FC6-7E45-41FC-93BE-AC5366D2289C}"
EndProject
Project("{9A19103F-16F7-4668-BE54-9A1E7A4F7556}") = "Лаб6_5", "Лаб6_5\Лаб6_5.csproj", "{AB0CFB50-9DB3-45DB-8C93-10E249F16014}"
EndProject
Project("{9A19103F-16F7-4668-BE54-9A1E7A4F7556}") = "Лаб6_6", "Лаб6_6\Лаб6_6.csproj", "{CD32F3A2-A5FB-4691-996F-0393C59B1043}"
EndProject
Project("{9A19103F-16F7-4668-BE54-9A1E7A4F7556}") = "Лаб6_7", "Лаб6_7\Лаб6_7.csproj", "{722F9D90-9B6D-49D2-8D89-64DAEEF2C37B}"
EndProject
Project("{9A19103F-16F7-4668-BE54-9A1E7A4F7556}") = "Лаб6_8", "Лаб6_8\Лаб6_8.csproj", "{9A2D0D05-F1D6-46D3-919C-1B38D0B7648F}"
EndProject
Project("{9A19103F-16F7-4668-BE54-9A1E7A4F7556}") = "Лаб6_9", "Лаб6_9\Лаб6_9.csproj", "{FA1B2E9C-508A-469B-845B-048AF7E8ED38}"
EndProject
Project("{9A19103F-16F7-4668-BE54-9A1E7A4F7556}") = "Лаб6_10", "Лаб6_10\Лаб6_10.csproj", "{4EADB869-D5F5-464D-9919-4CF02287A164}"
EndProject
Project("{2150E333-8FDC-42A3-9474-1A3956D46DE8}") = "Лаб6", "Лаб6", "{21502BAA-C0B4-4219-8615-4267323F092B}"
EndProject
Project("{2150E333-8FDC-42A3-9474-1A3956D46DE8}") = "Лаб7", "Лаб7", "{C83B3DE9-E0DF-4CAE-8EA1-55F21B39F1EE}"
EndProject
Project("{9A19103F-16F7-4668-BE54-9A1E7A4F7556}") = "Лаб7_1", "Лаб7_1\Лаб7_1.csproj", "{2B5A5574-E8A3-4821-8863-021A1C094965}"
EndProject
Project("{9A19103F-16F7-4668-BE54-9A1E7A4F7556}") = "Лаб7_2", "Лаб7_2\Лаб7_2.csproj", "{23726920-4976-4081-B36D-4129493C39D3}"
EndProject
Project("{9A19103F-16F7-4668-BE54-9A1E7A4F7556}") = "Лаб7_3", "Лаб7_3\Лаб7_3.csproj", "{38073685-2B80-4909-977D-5F5A361CEC29}"
EndProject
Project("{9A19103F-16F7-4668-BE54-9A1E7A4F7556}") = "Лаб7_4", "Лаб7_4\Лаб7_4.csproj", "{602E88F6-8927-4840-AF19-7B3D67294CD5}"
EndProject
Project("{9A19103F-16F7-4668-BE54-9A1E7A4F7556}") = "Лаб7_5", "Лаб7_5\Лаб7_5.csproj", "{A88C17C3-B829-4DB4-BD6A-85C96D3A4836}"
EndProject
Project("{9A19103F-16F7-4668-BE54-9A1E7A4F7556}") = "Лаб7_6", "Лаб7_6\Лаб7_6.csproj", "{51FD83B9-A5FF-4972-BDA4-6E346DD6EEDD}"
EndProject
Project("{2150E333-8FDC-42A3-9474-1A3956D46DE8}") = "Лаб3", "Лаб3", "{5F3D3FE3-A1F0-4A08-A627-BB6C8E062D12}"
EndProject
Project("{2150E333-8FDC-42A3-9474-1A3956D46DE8}") = "Лаб8", "Лаб8", "{8291B406-3AC4-4D08-BCEF-DF82F14CCD34}"
EndProject
Project("{FAE04EC0-301F-11D3-BF4B-00C04F79EFBC}") = "Лаб8_1", "Лаб8_1\Лаб8_1.csproj", "{796980CC-A1D4-4AC0-AB84-85A5B36BAC2A}"
EndProject
Project("{FAE04EC0-301F-11D3-BF4B-00C04F79EFBC}") = "Лаб8_2", "Лаб8_2\Лаб8_2.csproj", "{394B4EA1-D0DF-4DEB-9C9E-707A1038A725}"
EndProject
Project("{FAE04EC0-301F-11D3-BF4B-00C04F79EFBC}") = "Лаб8_3", "Лаб8_3\Лаб8_3.csproj", "{EE0770A4-5870-4281-BED4-70D0268A7261}"
EndProject
Project("{FAE04EC0-301F-11D3-BF4B-00C04F79EFBC}") = "Лаб8_4", "Лаб8_4\Лаб8_4.csproj", "{437A10D6-8DE8-4965-9C32-C4847846F3E1}"
EndProject
Project("{FAE04EC0-301F-11D3-BF4B-00C04F79EFBC}") = "Лаб8_5", "Лаб8_5\Лаб8_5.csproj", "{B3BCC9E4-ABFC-4E7E-BA04-D8BFC25E587A}"
EndProject
Project("{FAE04EC0-301F-11D3-BF4B-00C04F79EFBC}") = "Лаб8_6", "Лаб8_6\Лаб8_6.csproj", "{28082174-41ED-45BA-A2A0-2D5F45E96BE0}"
EndProject
Project("{FAE04EC0-301F-11D3-BF4B-00C04F79EFBC}") = "Лаб8_7", "Лаб8_7\Лаб8_7.csproj", "{3FCAB210-495D-4AD0-A8CB-0FD443938E4E}"
EndProject
Project("{FAE04EC0-301F-11D3-BF4B-00C04F79EFBC}") = "Лаб9_1", "Лаб9\Лаб9_1.csproj", "{BD10154E-75EE-4E1E-8B53-A41CE6625FE5}"
EndProject
Project("{2150E333-8FDC-42A3-9474-1A3956D46DE8}") = "Лаб9", "Лаб9", "{DE664BA6-22D3-4050-B332-4C99E75B13D8}"
EndProject
Project("{FAE04EC0-301F-11D3-BF4B-00C04F79EFBC}") = "Лаб9_3", "Лаб9_2\Лаб9_3.csproj", "{0D98A073-F438-4CD1-A9FD-8D2DBAEECEEC}"
EndProject
Project("{FAE04EC0-301F-11D3-BF4B-00C04F79EFBC}") = "Лаб9_2", "Лаб9_2\Лаб9_2.csproj", "{AC1DB892-5C1A-438D-ACE1-F655F44CA192}"
EndProject
Project("{FAE04EC0-301F-11D3-BF4B-00C04F79EFBC}") = "Лаб9_4", "Лаб9_4\Лаб9_4.csproj", "{BFB1E47A-9749-41F8-BA8C-F9F1CA1DABF2}"
EndProject
Global
	GlobalSection(SolutionConfigurationPlatforms) = preSolution
		Debug|Any CPU = Debug|Any CPU
		Release|Any CPU = Release|Any CPU
	EndGlobalSection
	GlobalSection(ProjectConfigurationPlatforms) = postSolution
		{0E88360C-2995-4796-B2E4-0D3764A789C9}.Debug|Any CPU.ActiveCfg = Debug|Any CPU
		{0E88360C-2995-4796-B2E4-0D3764A789C9}.Debug|Any CPU.Build.0 = Debug|Any CPU
		{0E88360C-2995-4796-B2E4-0D3764A789C9}.Release|Any CPU.ActiveCfg = Release|Any CPU
		{0E88360C-2995-4796-B2E4-0D3764A789C9}.Release|Any CPU.Build.0 = Release|Any CPU
		{1AB75439-9575-4E2C-B265-4E681A45BCFC}.Debug|Any CPU.ActiveCfg = Debug|Any CPU
		{1AB75439-9575-4E2C-B265-4E681A45BCFC}.Debug|Any CPU.Build.0 = Debug|Any CPU
		{1AB75439-9575-4E2C-B265-4E681A45BCFC}.Release|Any CPU.ActiveCfg = Release|Any CPU
		{1AB75439-9575-4E2C-B265-4E681A45BCFC}.Release|Any CPU.Build.0 = Release|Any CPU
		{823A392A-5CA1-4326-92FB-705476523078}.Debug|Any CPU.ActiveCfg = Debug|Any CPU
		{823A392A-5CA1-4326-92FB-705476523078}.Debug|Any CPU.Build.0 = Debug|Any CPU
		{823A392A-5CA1-4326-92FB-705476523078}.Release|Any CPU.ActiveCfg = Release|Any CPU
		{823A392A-5CA1-4326-92FB-705476523078}.Release|Any CPU.Build.0 = Release|Any CPU
		{B56FC41C-894B-4CCD-8E90-21133F27054D}.Debug|Any CPU.ActiveCfg = Debug|Any CPU
		{B56FC41C-894B-4CCD-8E90-21133F27054D}.Debug|Any CPU.Build.0 = Debug|Any CPU
		{B56FC41C-894B-4CCD-8E90-21133F27054D}.Release|Any CPU.ActiveCfg = Release|Any CPU
		{B56FC41C-894B-4CCD-8E90-21133F27054D}.Release|Any CPU.Build.0 = Release|Any CPU
		{61F4B703-D262-40FB-AFAE-26995A0F404D}.Debug|Any CPU.ActiveCfg = Debug|Any CPU
		{61F4B703-D262-40FB-AFAE-26995A0F404D}.Debug|Any CPU.Build.0 = Debug|Any CPU
		{61F4B703-D262-40FB-AFAE-26995A0F404D}.Release|Any CPU.ActiveCfg = Release|Any CPU
		{61F4B703-D262-40FB-AFAE-26995A0F404D}.Release|Any CPU.Build.0 = Release|Any CPU
		{67F79701-C8DD-409E-90A9-B056C6BFE4A0}.Debug|Any CPU.ActiveCfg = Debug|Any CPU
		{67F79701-C8DD-409E-90A9-B056C6BFE4A0}.Debug|Any CPU.Build.0 = Debug|Any CPU
		{67F79701-C8DD-409E-90A9-B056C6BFE4A0}.Release|Any CPU.ActiveCfg = Release|Any CPU
		{67F79701-C8DD-409E-90A9-B056C6BFE4A0}.Release|Any CPU.Build.0 = Release|Any CPU
		{528A9F78-EA31-48F4-99FA-8FF3F05AB32B}.Debug|Any CPU.ActiveCfg = Debug|Any CPU
		{528A9F78-EA31-48F4-99FA-8FF3F05AB32B}.Debug|Any CPU.Build.0 = Debug|Any CPU
		{528A9F78-EA31-48F4-99FA-8FF3F05AB32B}.Release|Any CPU.ActiveCfg = Release|Any CPU
		{528A9F78-EA31-48F4-99FA-8FF3F05AB32B}.Release|Any CPU.Build.0 = Release|Any CPU
		{2FB30A5C-FD8B-446A-BEC6-CA23EC0FC4AC}.Debug|Any CPU.ActiveCfg = Debug|Any CPU
		{2FB30A5C-FD8B-446A-BEC6-CA23EC0FC4AC}.Debug|Any CPU.Build.0 = Debug|Any CPU
		{2FB30A5C-FD8B-446A-BEC6-CA23EC0FC4AC}.Release|Any CPU.ActiveCfg = Release|Any CPU
		{2FB30A5C-FD8B-446A-BEC6-CA23EC0FC4AC}.Release|Any CPU.Build.0 = Release|Any CPU
		{DBB38FC6-7E45-41FC-93BE-AC5366D2289C}.Debug|Any CPU.ActiveCfg = Debug|Any CPU
		{DBB38FC6-7E45-41FC-93BE-AC5366D2289C}.Debug|Any CPU.Build.0 = Debug|Any CPU
		{DBB38FC6-7E45-41FC-93BE-AC5366D2289C}.Release|Any CPU.ActiveCfg = Release|Any CPU
		{DBB38FC6-7E45-41FC-93BE-AC5366D2289C}.Release|Any CPU.Build.0 = Release|Any CPU
		{AB0CFB50-9DB3-45DB-8C93-10E249F16014}.Debug|Any CPU.ActiveCfg = Debug|Any CPU
		{AB0CFB50-9DB3-45DB-8C93-10E249F16014}.Debug|Any CPU.Build.0 = Debug|Any CPU
		{AB0CFB50-9DB3-45DB-8C93-10E249F16014}.Release|Any CPU.ActiveCfg = Release|Any CPU
		{AB0CFB50-9DB3-45DB-8C93-10E249F16014}.Release|Any CPU.Build.0 = Release|Any CPU
		{CD32F3A2-A5FB-4691-996F-0393C59B1043}.Debug|Any CPU.ActiveCfg = Debug|Any CPU
		{CD32F3A2-A5FB-4691-996F-0393C59B1043}.Debug|Any CPU.Build.0 = Debug|Any CPU
		{CD32F3A2-A5FB-4691-996F-0393C59B1043}.Release|Any CPU.ActiveCfg = Release|Any CPU
		{CD32F3A2-A5FB-4691-996F-0393C59B1043}.Release|Any CPU.Build.0 = Release|Any CPU
		{722F9D90-9B6D-49D2-8D89-64DAEEF2C37B}.Debug|Any CPU.ActiveCfg = Debug|Any CPU
		{722F9D90-9B6D-49D2-8D89-64DAEEF2C37B}.Debug|Any CPU.Build.0 = Debug|Any CPU
		{722F9D90-9B6D-49D2-8D89-64DAEEF2C37B}.Release|Any CPU.ActiveCfg = Release|Any CPU
		{722F9D90-9B6D-49D2-8D89-64DAEEF2C37B}.Release|Any CPU.Build.0 = Release|Any CPU
		{9A2D0D05-F1D6-46D3-919C-1B38D0B7648F}.Debug|Any CPU.ActiveCfg = Debug|Any CPU
		{9A2D0D05-F1D6-46D3-919C-1B38D0B7648F}.Debug|Any CPU.Build.0 = Debug|Any CPU
		{9A2D0D05-F1D6-46D3-919C-1B38D0B7648F}.Release|Any CPU.ActiveCfg = Release|Any CPU
		{9A2D0D05-F1D6-46D3-919C-1B38D0B7648F}.Release|Any CPU.Build.0 = Release|Any CPU
		{FA1B2E9C-508A-469B-845B-048AF7E8ED38}.Debug|Any CPU.ActiveCfg = Debug|Any CPU
		{FA1B2E9C-508A-469B-845B-048AF7E8ED38}.Debug|Any CPU.Build.0 = Debug|Any CPU
		{FA1B2E9C-508A-469B-845B-048AF7E8ED38}.Release|Any CPU.ActiveCfg = Release|Any CPU
		{FA1B2E9C-508A-469B-845B-048AF7E8ED38}.Release|Any CPU.Build.0 = Release|Any CPU
		{4EADB869-D5F5-464D-9919-4CF02287A164}.Debug|Any CPU.ActiveCfg = Debug|Any CPU
		{4EADB869-D5F5-464D-9919-4CF02287A164}.Debug|Any CPU.Build.0 = Debug|Any CPU
		{4EADB869-D5F5-464D-9919-4CF02287A164}.Release|Any CPU.ActiveCfg = Release|Any CPU
		{4EADB869-D5F5-464D-9919-4CF02287A164}.Release|Any CPU.Build.0 = Release|Any CPU
		{2B5A5574-E8A3-4821-8863-021A1C094965}.Debug|Any CPU.ActiveCfg = Debug|Any CPU
		{2B5A5574-E8A3-4821-8863-021A1C094965}.Debug|Any CPU.Build.0 = Debug|Any CPU
		{2B5A5574-E8A3-4821-8863-021A1C094965}.Release|Any CPU.ActiveCfg = Release|Any CPU
		{2B5A5574-E8A3-4821-8863-021A1C094965}.Release|Any CPU.Build.0 = Release|Any CPU
		{23726920-4976-4081-B36D-4129493C39D3}.Debug|Any CPU.ActiveCfg = Debug|Any CPU
		{23726920-4976-4081-B36D-4129493C39D3}.Debug|Any CPU.Build.0 = Debug|Any CPU
		{23726920-4976-4081-B36D-4129493C39D3}.Release|Any CPU.ActiveCfg = Release|Any CPU
		{23726920-4976-4081-B36D-4129493C39D3}.Release|Any CPU.Build.0 = Release|Any CPU
		{38073685-2B80-4909-977D-5F5A361CEC29}.Debug|Any CPU.ActiveCfg = Debug|Any CPU
		{38073685-2B80-4909-977D-5F5A361CEC29}.Debug|Any CPU.Build.0 = Debug|Any CPU
		{38073685-2B80-4909-977D-5F5A361CEC29}.Release|Any CPU.ActiveCfg = Release|Any CPU
		{38073685-2B80-4909-977D-5F5A361CEC29}.Release|Any CPU.Build.0 = Release|Any CPU
		{602E88F6-8927-4840-AF19-7B3D67294CD5}.Debug|Any CPU.ActiveCfg = Debug|Any CPU
		{602E88F6-8927-4840-AF19-7B3D67294CD5}.Debug|Any CPU.Build.0 = Debug|Any CPU
		{602E88F6-8927-4840-AF19-7B3D67294CD5}.Release|Any CPU.ActiveCfg = Release|Any CPU
		{602E88F6-8927-4840-AF19-7B3D67294CD5}.Release|Any CPU.Build.0 = Release|Any CPU
		{A88C17C3-B829-4DB4-BD6A-85C96D3A4836}.Debug|Any CPU.ActiveCfg = Debug|Any CPU
		{A88C17C3-B829-4DB4-BD6A-85C96D3A4836}.Debug|Any CPU.Build.0 = Debug|Any CPU
		{A88C17C3-B829-4DB4-BD6A-85C96D3A4836}.Release|Any CPU.ActiveCfg = Release|Any CPU
		{A88C17C3-B829-4DB4-BD6A-85C96D3A4836}.Release|Any CPU.Build.0 = Release|Any CPU
		{51FD83B9-A5FF-4972-BDA4-6E346DD6EEDD}.Debug|Any CPU.ActiveCfg = Debug|Any CPU
		{51FD83B9-A5FF-4972-BDA4-6E346DD6EEDD}.Debug|Any CPU.Build.0 = Debug|Any CPU
		{51FD83B9-A5FF-4972-BDA4-6E346DD6EEDD}.Release|Any CPU.ActiveCfg = Release|Any CPU
		{51FD83B9-A5FF-4972-BDA4-6E346DD6EEDD}.Release|Any CPU.Build.0 = Release|Any CPU
		{796980CC-A1D4-4AC0-AB84-85A5B36BAC2A}.Debug|Any CPU.ActiveCfg = Debug|Any CPU
		{796980CC-A1D4-4AC0-AB84-85A5B36BAC2A}.Debug|Any CPU.Build.0 = Debug|Any CPU
		{796980CC-A1D4-4AC0-AB84-85A5B36BAC2A}.Release|Any CPU.ActiveCfg = Release|Any CPU
		{796980CC-A1D4-4AC0-AB84-85A5B36BAC2A}.Release|Any CPU.Build.0 = Release|Any CPU
		{394B4EA1-D0DF-4DEB-9C9E-707A1038A725}.Debug|Any CPU.ActiveCfg = Debug|Any CPU
		{394B4EA1-D0DF-4DEB-9C9E-707A1038A725}.Debug|Any CPU.Build.0 = Debug|Any CPU
		{394B4EA1-D0DF-4DEB-9C9E-707A1038A725}.Release|Any CPU.ActiveCfg = Release|Any CPU
		{394B4EA1-D0DF-4DEB-9C9E-707A1038A725}.Release|Any CPU.Build.0 = Release|Any CPU
		{EE0770A4-5870-4281-BED4-70D0268A7261}.Debug|Any CPU.ActiveCfg = Debug|Any CPU
		{EE0770A4-5870-4281-BED4-70D0268A7261}.Debug|Any CPU.Build.0 = Debug|Any CPU
		{EE0770A4-5870-4281-BED4-70D0268A7261}.Release|Any CPU.ActiveCfg = Release|Any CPU
		{EE0770A4-5870-4281-BED4-70D0268A7261}.Release|Any CPU.Build.0 = Release|Any CPU
		{437A10D6-8DE8-4965-9C32-C4847846F3E1}.Debug|Any CPU.ActiveCfg = Debug|Any CPU
		{437A10D6-8DE8-4965-9C32-C4847846F3E1}.Debug|Any CPU.Build.0 = Debug|Any CPU
		{437A10D6-8DE8-4965-9C32-C4847846F3E1}.Release|Any CPU.ActiveCfg = Release|Any CPU
		{437A10D6-8DE8-4965-9C32-C4847846F3E1}.Release|Any CPU.Build.0 = Release|Any CPU
		{B3BCC9E4-ABFC-4E7E-BA04-D8BFC25E587A}.Debug|Any CPU.ActiveCfg = Debug|Any CPU
		{B3BCC9E4-ABFC-4E7E-BA04-D8BFC25E587A}.Debug|Any CPU.Build.0 = Debug|Any CPU
		{B3BCC9E4-ABFC-4E7E-BA04-D8BFC25E587A}.Release|Any CPU.ActiveCfg = Release|Any CPU
		{B3BCC9E4-ABFC-4E7E-BA04-D8BFC25E587A}.Release|Any CPU.Build.0 = Release|Any CPU
		{28082174-41ED-45BA-A2A0-2D5F45E96BE0}.Debug|Any CPU.ActiveCfg = Debug|Any CPU
		{28082174-41ED-45BA-A2A0-2D5F45E96BE0}.Debug|Any CPU.Build.0 = Debug|Any CPU
		{28082174-41ED-45BA-A2A0-2D5F45E96BE0}.Release|Any CPU.ActiveCfg = Release|Any CPU
		{28082174-41ED-45BA-A2A0-2D5F45E96BE0}.Release|Any CPU.Build.0 = Release|Any CPU
		{3FCAB210-495D-4AD0-A8CB-0FD443938E4E}.Debug|Any CPU.ActiveCfg = Debug|Any CPU
		{3FCAB210-495D-4AD0-A8CB-0FD443938E4E}.Debug|Any CPU.Build.0 = Debug|Any CPU
		{3FCAB210-495D-4AD0-A8CB-0FD443938E4E}.Release|Any CPU.ActiveCfg = Release|Any CPU
		{3FCAB210-495D-4AD0-A8CB-0FD443938E4E}.Release|Any CPU.Build.0 = Release|Any CPU
		{BD10154E-75EE-4E1E-8B53-A41CE6625FE5}.Debug|Any CPU.ActiveCfg = Debug|Any CPU
		{BD10154E-75EE-4E1E-8B53-A41CE6625FE5}.Debug|Any CPU.Build.0 = Debug|Any CPU
		{BD10154E-75EE-4E1E-8B53-A41CE6625FE5}.Release|Any CPU.ActiveCfg = Release|Any CPU
		{BD10154E-75EE-4E1E-8B53-A41CE6625FE5}.Release|Any CPU.Build.0 = Release|Any CPU
		{0D98A073-F438-4CD1-A9FD-8D2DBAEECEEC}.Debug|Any CPU.ActiveCfg = Debug|Any CPU
		{0D98A073-F438-4CD1-A9FD-8D2DBAEECEEC}.Debug|Any CPU.Build.0 = Debug|Any CPU
		{0D98A073-F438-4CD1-A9FD-8D2DBAEECEEC}.Release|Any CPU.ActiveCfg = Release|Any CPU
		{0D98A073-F438-4CD1-A9FD-8D2DBAEECEEC}.Release|Any CPU.Build.0 = Release|Any CPU
		{AC1DB892-5C1A-438D-ACE1-F655F44CA192}.Debug|Any CPU.ActiveCfg = Debug|Any CPU
		{AC1DB892-5C1A-438D-ACE1-F655F44CA192}.Debug|Any CPU.Build.0 = Debug|Any CPU
		{AC1DB892-5C1A-438D-ACE1-F655F44CA192}.Release|Any CPU.ActiveCfg = Release|Any CPU
		{AC1DB892-5C1A-438D-ACE1-F655F44CA192}.Release|Any CPU.Build.0 = Release|Any CPU
		{BFB1E47A-9749-41F8-BA8C-F9F1CA1DABF2}.Debug|Any CPU.ActiveCfg = Debug|Any CPU
		{BFB1E47A-9749-41F8-BA8C-F9F1CA1DABF2}.Debug|Any CPU.Build.0 = Debug|Any CPU
		{BFB1E47A-9749-41F8-BA8C-F9F1CA1DABF2}.Release|Any CPU.ActiveCfg = Release|Any CPU
		{BFB1E47A-9749-41F8-BA8C-F9F1CA1DABF2}.Release|Any CPU.Build.0 = Release|Any CPU
	EndGlobalSection
	GlobalSection(SolutionProperties) = preSolution
		HideSolutionNode = FALSE
	EndGlobalSection
	GlobalSection(NestedProjects) = preSolution
		{1AB75439-9575-4E2C-B265-4E681A45BCFC} = {5F3D3FE3-A1F0-4A08-A627-BB6C8E062D12}
		{823A392A-5CA1-4326-92FB-705476523078} = {5F3D3FE3-A1F0-4A08-A627-BB6C8E062D12}
		{67F79701-C8DD-409E-90A9-B056C6BFE4A0} = {21502BAA-C0B4-4219-8615-4267323F092B}
		{528A9F78-EA31-48F4-99FA-8FF3F05AB32B} = {21502BAA-C0B4-4219-8615-4267323F092B}
		{2FB30A5C-FD8B-446A-BEC6-CA23EC0FC4AC} = {21502BAA-C0B4-4219-8615-4267323F092B}
		{DBB38FC6-7E45-41FC-93BE-AC5366D2289C} = {21502BAA-C0B4-4219-8615-4267323F092B}
		{AB0CFB50-9DB3-45DB-8C93-10E249F16014} = {21502BAA-C0B4-4219-8615-4267323F092B}
		{CD32F3A2-A5FB-4691-996F-0393C59B1043} = {21502BAA-C0B4-4219-8615-4267323F092B}
		{722F9D90-9B6D-49D2-8D89-64DAEEF2C37B} = {21502BAA-C0B4-4219-8615-4267323F092B}
		{9A2D0D05-F1D6-46D3-919C-1B38D0B7648F} = {21502BAA-C0B4-4219-8615-4267323F092B}
		{FA1B2E9C-508A-469B-845B-048AF7E8ED38} = {21502BAA-C0B4-4219-8615-4267323F092B}
		{4EADB869-D5F5-464D-9919-4CF02287A164} = {21502BAA-C0B4-4219-8615-4267323F092B}
		{2B5A5574-E8A3-4821-8863-021A1C094965} = {C83B3DE9-E0DF-4CAE-8EA1-55F21B39F1EE}
		{23726920-4976-4081-B36D-4129493C39D3} = {C83B3DE9-E0DF-4CAE-8EA1-55F21B39F1EE}
		{38073685-2B80-4909-977D-5F5A361CEC29} = {C83B3DE9-E0DF-4CAE-8EA1-55F21B39F1EE}
		{602E88F6-8927-4840-AF19-7B3D67294CD5} = {C83B3DE9-E0DF-4CAE-8EA1-55F21B39F1EE}
		{A88C17C3-B829-4DB4-BD6A-85C96D3A4836} = {C83B3DE9-E0DF-4CAE-8EA1-55F21B39F1EE}
		{51FD83B9-A5FF-4972-BDA4-6E346DD6EEDD} = {C83B3DE9-E0DF-4CAE-8EA1-55F21B39F1EE}
		{796980CC-A1D4-4AC0-AB84-85A5B36BAC2A} = {8291B406-3AC4-4D08-BCEF-DF82F14CCD34}
		{394B4EA1-D0DF-4DEB-9C9E-707A1038A725} = {8291B406-3AC4-4D08-BCEF-DF82F14CCD34}
		{EE0770A4-5870-4281-BED4-70D0268A7261} = {8291B406-3AC4-4D08-BCEF-DF82F14CCD34}
		{437A10D6-8DE8-4965-9C32-C4847846F3E1} = {8291B406-3AC4-4D08-BCEF-DF82F14CCD34}
		{B3BCC9E4-ABFC-4E7E-BA04-D8BFC25E587A} = {8291B406-3AC4-4D08-BCEF-DF82F14CCD34}
		{28082174-41ED-45BA-A2A0-2D5F45E96BE0} = {8291B406-3AC4-4D08-BCEF-DF82F14CCD34}
		{3FCAB210-495D-4AD0-A8CB-0FD443938E4E} = {8291B406-3AC4-4D08-BCEF-DF82F14CCD34}
		{BD10154E-75EE-4E1E-8B53-A41CE6625FE5} = {DE664BA6-22D3-4050-B332-4C99E75B13D8}
		{0D98A073-F438-4CD1-A9FD-8D2DBAEECEEC} = {DE664BA6-22D3-4050-B332-4C99E75B13D8}
		{AC1DB892-5C1A-438D-ACE1-F655F44CA192} = {DE664BA6-22D3-4050-B332-4C99E75B13D8}
		{BFB1E47A-9749-41F8-BA8C-F9F1CA1DABF2} = {DE664BA6-22D3-4050-B332-4C99E75B13D8}
	EndGlobalSection
	GlobalSection(ExtensibilityGlobals) = postSolution
		SolutionGuid = {88630DD9-5EF9-42CF-BEA9-C3AAA4F55910}
	EndGlobalSection
EndGlobal
